
Microsoft Visual Studio Solution File, Format Version 12.00
# Visual Studio Version 18
VisualStudioVersion = 18.2.11415.280 d18.0
MinimumVisualStudioVersion = 10.0.40219.1
Project("{FAE04EC0-301F-11D3-BF4B-00C04F79EFBC}") = "EasySave", "EasySave.csproj", "{855C4E5C-C365-4E5F-B727-7FD7E140CC0D}"
EndProject
Project("{FAE04EC0-301F-11D3-BF4B-00C04F79EFBC}") = "EasyLog", "..\EasyLog\EasyLog\EasyLog.csproj", "{1AC5820C-5BA6-771E-91CB-3FE805193D52}"
EndProject
Global
	GlobalSection(SolutionConfigurationPlatforms) = preSolution
		Debug|Any CPU = Debug|Any CPU
		Release|Any CPU = Release|Any CPU
	EndGlobalSection
	GlobalSection(ProjectConfigurationPlatforms) = postSolution
		{855C4E5C-C365-4E5F-B727-7FD7E140CC0D}.Debug|Any CPU.ActiveCfg = Debug|Any CPU
		{855C4E5C-C365-4E5F-B727-7FD7E140CC0D}.Debug|Any CPU.Build.0 = Debug|Any CPU
		{855C4E5C-C365-4E5F-B727-7FD7E140CC0D}.Release|Any CPU.ActiveCfg = Release|Any CPU
		{855C4E5C-C365-4E5F-B727-7FD7E140CC0D}.Release|Any CPU.Build.0 = Release|Any CPU
		{1AC5820C-5BA6-771E-91CB-3FE805193D52}.Debug|Any CPU.ActiveCfg = Debug|Any CPU
		{1AC5820C-5BA6-771E-91CB-3FE805193D52}.Debug|Any CPU.Build.0 = Debug|Any CPU
		{1AC5820C-5BA6-771E-91CB-3FE805193D52}.Release|Any CPU.ActiveCfg = Release|Any CPU
		{1AC5820C-5BA6-771E-91CB-3FE805193D52}.Release|Any CPU.Build.0 = Release|Any CPU
	EndGlobalSection
	GlobalSection(SolutionProperties) = preSolution
		HideSolutionNode = FALSE
	EndGlobalSection
	GlobalSection(ExtensibilityGlobals) = postSolution
		SolutionGuid = {BA2C2599-4367-43AA-953F-289A7BD40B95}
	EndGlobalSection
EndGlobal
