
Microsoft Visual Studio Solution File, Format Version 12.00
# Visual Studio Version 18
VisualStudioVersion = 18.2.11415.280 d18.0
MinimumVisualStudioVersion = 10.0.40219.1
Project("{FAE04EC0-301F-11D3-BF4B-00C04F79EFBC}") = "WPF Skeleton", "WPF Skeleton\WPF Skeleton.csproj", "{8D1E03C4-279F-CDF9-A871-3B047FF1401A}"
EndProject
Global
	GlobalSection(SolutionConfigurationPlatforms) = preSolution
		Debug|Any CPU = Debug|Any CPU
		Release|Any CPU = Release|Any CPU
	EndGlobalSection
	GlobalSection(ProjectConfigurationPlatforms) = postSolution
		{8D1E03C4-279F-CDF9-A871-3B047FF1401A}.Debug|Any CPU.ActiveCfg = Debug|Any CPU
		{8D1E03C4-279F-CDF9-A871-3B047FF1401A}.Debug|Any CPU.Build.0 = Debug|Any CPU
		{8D1E03C4-279F-CDF9-A871-3B047FF1401A}.Release|Any CPU.ActiveCfg = Release|Any CPU
		{8D1E03C4-279F-CDF9-A871-3B047FF1401A}.Release|Any CPU.Build.0 = Release|Any CPU
	EndGlobalSection
	GlobalSection(SolutionProperties) = preSolution
		HideSolutionNode = FALSE
	EndGlobalSection
	GlobalSection(ExtensibilityGlobals) = postSolution
		SolutionGuid = {22A72F08-F2AF-44DA-BAF8-2DD68096F6AC}
	EndGlobalSection
EndGlobal
